
Microsoft Visual Studio Solution File, Format Version 12.00
# Visual Studio Version 16
VisualStudioVersion = 16.0.28803.352
MinimumVisualStudioVersion = 10.0.40219.1
Project("{8BC9CEB8-8B4A-11D0-8D11-00A0C91BC942}") = "Devramp Demo", "Devramp Demo\Devramp Demo.vcxproj", "{0548B565-137D-46AC-85F5-A470F6257E3C}"
EndProject
Project("{2150E333-8FDC-42A3-9474-1A3956D46DE8}") = "Solution Items", "Solution Items", "{8B7BBFBB-A57A-46E6-BAED-147FE09029D2}"
	ProjectSection(SolutionItems) = preProject
		TheOnlyScriptThatsImportant.cs = TheOnlyScriptThatsImportant.cs
	EndProjectSection
EndProject
Global
	GlobalSection(SolutionConfigurationPlatforms) = preSolution
		Debug|x64 = Debug|x64
		Debug|x86 = Debug|x86
		Release|x64 = Release|x64
		Release|x86 = Release|x86
	EndGlobalSection
	GlobalSection(ProjectConfigurationPlatforms) = postSolution
		{0548B565-137D-46AC-85F5-A470F6257E3C}.Debug|x64.ActiveCfg = Debug|x64
		{0548B565-137D-46AC-85F5-A470F6257E3C}.Debug|x64.Build.0 = Debug|x64
		{0548B565-137D-46AC-85F5-A470F6257E3C}.Debug|x86.ActiveCfg = Debug|Win32
		{0548B565-137D-46AC-85F5-A470F6257E3C}.Debug|x86.Build.0 = Debug|Win32
		{0548B565-137D-46AC-85F5-A470F6257E3C}.Release|x64.ActiveCfg = Release|x64
		{0548B565-137D-46AC-85F5-A470F6257E3C}.Release|x64.Build.0 = Release|x64
		{0548B565-137D-46AC-85F5-A470F6257E3C}.Release|x86.ActiveCfg = Release|Win32
		{0548B565-137D-46AC-85F5-A470F6257E3C}.Release|x86.Build.0 = Release|Win32
	EndGlobalSection
	GlobalSection(SolutionProperties) = preSolution
		HideSolutionNode = FALSE
	EndGlobalSection
	GlobalSection(ExtensibilityGlobals) = postSolution
		SolutionGuid = {A6A65E6B-AF2C-4E54-B07C-FBD054238EFB}
	EndGlobalSection
EndGlobal
