
Microsoft Visual Studio Solution File, Format Version 12.00
# Visual Studio 15
VisualStudioVersion = 15.0.28307.852
MinimumVisualStudioVersion = 10.0.40219.1
Project("{FAE04EC0-301F-11D3-BF4B-00C04F79EFBC}") = "Text Saver", "Text Saver\Text Saver.csproj", "{9074A61E-F63D-4140-B43E-7A5DF92C7FBA}"
EndProject
Global
	GlobalSection(SolutionConfigurationPlatforms) = preSolution
		Debug|Any CPU = Debug|Any CPU
		Release|Any CPU = Release|Any CPU
	EndGlobalSection
	GlobalSection(ProjectConfigurationPlatforms) = postSolution
		{9074A61E-F63D-4140-B43E-7A5DF92C7FBA}.Debug|Any CPU.ActiveCfg = Debug|Any CPU
		{9074A61E-F63D-4140-B43E-7A5DF92C7FBA}.Debug|Any CPU.Build.0 = Debug|Any CPU
		{9074A61E-F63D-4140-B43E-7A5DF92C7FBA}.Release|Any CPU.ActiveCfg = Release|Any CPU
		{9074A61E-F63D-4140-B43E-7A5DF92C7FBA}.Release|Any CPU.Build.0 = Release|Any CPU
	EndGlobalSection
	GlobalSection(SolutionProperties) = preSolution
		HideSolutionNode = FALSE
	EndGlobalSection
	GlobalSection(ExtensibilityGlobals) = postSolution
		SolutionGuid = {43F5228F-DFA1-475F-B8A5-F871C785C571}
	EndGlobalSection
EndGlobal
